
Microsoft Visual Studio Solution File, Format Version 12.00
# Visual Studio Version 17
VisualStudioVersion = 17.0.31903.59
MinimumVisualStudioVersion = 10.0.40219.1
Project("{FAE04EC0-301F-11D3-BF4B-00C04F79EFBC}") = "ExeptionHandlingAssignment", "ExeptionHandlingAssignment.csproj", "{949AB6C0-EC16-4B2D-A86C-84D83D3CA4DB}"
EndProject
Global
	GlobalSection(SolutionConfigurationPlatforms) = preSolution
		Debug|Any CPU = Debug|Any CPU
		Release|Any CPU = Release|Any CPU
	EndGlobalSection
	GlobalSection(ProjectConfigurationPlatforms) = postSolution
		{949AB6C0-EC16-4B2D-A86C-84D83D3CA4DB}.Debug|Any CPU.ActiveCfg = Debug|Any CPU
		{949AB6C0-EC16-4B2D-A86C-84D83D3CA4DB}.Debug|Any CPU.Build.0 = Debug|Any CPU
		{949AB6C0-EC16-4B2D-A86C-84D83D3CA4DB}.Release|Any CPU.ActiveCfg = Release|Any CPU
		{949AB6C0-EC16-4B2D-A86C-84D83D3CA4DB}.Release|Any CPU.Build.0 = Release|Any CPU
	EndGlobalSection
	GlobalSection(SolutionProperties) = preSolution
		HideSolutionNode = FALSE
	EndGlobalSection
	GlobalSection(ExtensibilityGlobals) = postSolution
		SolutionGuid = {6D88BEFF-377B-433A-A3C3-B5F826D4A97E}
	EndGlobalSection
EndGlobal
