
Microsoft Visual Studio Solution File, Format Version 12.00
# Visual Studio Version 17
VisualStudioVersion = 17.0.31903.59
MinimumVisualStudioVersion = 10.0.40219.1
Project("{FAE04EC0-301F-11D3-BF4B-00C04F79EFBC}") = "ParametersSubmissionAssignment", "ParametersSubmissionAssignment.csproj", "{F27E841C-FBF0-48EF-BDEF-AB02AF1EE700}"
EndProject
Global
	GlobalSection(SolutionConfigurationPlatforms) = preSolution
		Debug|Any CPU = Debug|Any CPU
		Release|Any CPU = Release|Any CPU
	EndGlobalSection
	GlobalSection(ProjectConfigurationPlatforms) = postSolution
		{F27E841C-FBF0-48EF-BDEF-AB02AF1EE700}.Debug|Any CPU.ActiveCfg = Debug|Any CPU
		{F27E841C-FBF0-48EF-BDEF-AB02AF1EE700}.Debug|Any CPU.Build.0 = Debug|Any CPU
		{F27E841C-FBF0-48EF-BDEF-AB02AF1EE700}.Release|Any CPU.ActiveCfg = Release|Any CPU
		{F27E841C-FBF0-48EF-BDEF-AB02AF1EE700}.Release|Any CPU.Build.0 = Release|Any CPU
	EndGlobalSection
	GlobalSection(SolutionProperties) = preSolution
		HideSolutionNode = FALSE
	EndGlobalSection
	GlobalSection(ExtensibilityGlobals) = postSolution
		SolutionGuid = {576C6F0E-E3D3-4405-8EFB-C9B97F066C16}
	EndGlobalSection
EndGlobal
