
Microsoft Visual Studio Solution File, Format Version 12.00
# Visual Studio Version 17
VisualStudioVersion = 17.0.31903.59
MinimumVisualStudioVersion = 10.0.40219.1
Project("{FAE04EC0-301F-11D3-BF4B-00C04F79EFBC}") = "DateTimeSubmissionAssignment", "DateTimeSubmissionAssignment.csproj", "{D640E0C1-E902-4D43-85C6-C79A4ECF8C2D}"
EndProject
Global
	GlobalSection(SolutionConfigurationPlatforms) = preSolution
		Debug|Any CPU = Debug|Any CPU
		Release|Any CPU = Release|Any CPU
	EndGlobalSection
	GlobalSection(ProjectConfigurationPlatforms) = postSolution
		{D640E0C1-E902-4D43-85C6-C79A4ECF8C2D}.Debug|Any CPU.ActiveCfg = Debug|Any CPU
		{D640E0C1-E902-4D43-85C6-C79A4ECF8C2D}.Debug|Any CPU.Build.0 = Debug|Any CPU
		{D640E0C1-E902-4D43-85C6-C79A4ECF8C2D}.Release|Any CPU.ActiveCfg = Release|Any CPU
		{D640E0C1-E902-4D43-85C6-C79A4ECF8C2D}.Release|Any CPU.Build.0 = Release|Any CPU
	EndGlobalSection
	GlobalSection(SolutionProperties) = preSolution
		HideSolutionNode = FALSE
	EndGlobalSection
	GlobalSection(ExtensibilityGlobals) = postSolution
		SolutionGuid = {C1B97343-6528-4E0A-B161-A9565AC4FFAD}
	EndGlobalSection
EndGlobal
