
Microsoft Visual Studio Solution File, Format Version 12.00
# Visual Studio Version 17
VisualStudioVersion = 17.0.31903.59
MinimumVisualStudioVersion = 10.0.40219.1
Project("{FAE04EC0-301F-11D3-BF4B-00C04F79EFBC}") = "OperatorsSubmissionAssignment", "OperatorsSubmissionAssignment.csproj", "{4A70F64E-E338-4B2C-9200-B0AE86DA64AE}"
EndProject
Global
	GlobalSection(SolutionConfigurationPlatforms) = preSolution
		Debug|Any CPU = Debug|Any CPU
		Release|Any CPU = Release|Any CPU
	EndGlobalSection
	GlobalSection(ProjectConfigurationPlatforms) = postSolution
		{4A70F64E-E338-4B2C-9200-B0AE86DA64AE}.Debug|Any CPU.ActiveCfg = Debug|Any CPU
		{4A70F64E-E338-4B2C-9200-B0AE86DA64AE}.Debug|Any CPU.Build.0 = Debug|Any CPU
		{4A70F64E-E338-4B2C-9200-B0AE86DA64AE}.Release|Any CPU.ActiveCfg = Release|Any CPU
		{4A70F64E-E338-4B2C-9200-B0AE86DA64AE}.Release|Any CPU.Build.0 = Release|Any CPU
	EndGlobalSection
	GlobalSection(SolutionProperties) = preSolution
		HideSolutionNode = FALSE
	EndGlobalSection
	GlobalSection(ExtensibilityGlobals) = postSolution
		SolutionGuid = {271CBFCB-72EE-4E19-AC5D-C36A5DF0CDD1}
	EndGlobalSection
EndGlobal
